
Microsoft Visual Studio Solution File, Format Version 12.00
# Visual Studio Version 17
VisualStudioVersion = 17.9.34714.143
MinimumVisualStudioVersion = 10.0.40219.1
Project("{FAE04EC0-301F-11D3-BF4B-00C04F79EFBC}") = "HowTo_VerticalTabs", "HowTo_VerticalTabs\HowTo_VerticalTabs.csproj", "{43E3D5E0-C884-486C-9F12-95E963842B51}"
EndProject
Global
	GlobalSection(SolutionConfigurationPlatforms) = preSolution
		Debug|Any CPU = Debug|Any CPU
		Release|Any CPU = Release|Any CPU
	EndGlobalSection
	GlobalSection(ProjectConfigurationPlatforms) = postSolution
		{43E3D5E0-C884-486C-9F12-95E963842B51}.Debug|Any CPU.ActiveCfg = Debug|Any CPU
		{43E3D5E0-C884-486C-9F12-95E963842B51}.Debug|Any CPU.Build.0 = Debug|Any CPU
		{43E3D5E0-C884-486C-9F12-95E963842B51}.Release|Any CPU.ActiveCfg = Release|Any CPU
		{43E3D5E0-C884-486C-9F12-95E963842B51}.Release|Any CPU.Build.0 = Release|Any CPU
	EndGlobalSection
	GlobalSection(SolutionProperties) = preSolution
		HideSolutionNode = FALSE
	EndGlobalSection
	GlobalSection(ExtensibilityGlobals) = postSolution
		SolutionGuid = {EDEF047E-EC51-47D1-9E40-A5BA44A9192A}
	EndGlobalSection
EndGlobal
